
Microsoft Visual Studio Solution File, Format Version 12.00
# Visual Studio Version 17
VisualStudioVersion = 17.9.34723.18
MinimumVisualStudioVersion = 10.0.40219.1
Project("{FAE04EC0-301F-11D3-BF4B-00C04F79EFBC}") = "Event_Planner", "Event_Planner\Event_Planner.csproj", "{95E9240C-46BB-4729-8E61-5A0072C26BE0}"
EndProject
Global
	GlobalSection(SolutionConfigurationPlatforms) = preSolution
		Debug|Any CPU = Debug|Any CPU
		Release|Any CPU = Release|Any CPU
	EndGlobalSection
	GlobalSection(ProjectConfigurationPlatforms) = postSolution
		{95E9240C-46BB-4729-8E61-5A0072C26BE0}.Debug|Any CPU.ActiveCfg = Debug|Any CPU
		{95E9240C-46BB-4729-8E61-5A0072C26BE0}.Debug|Any CPU.Build.0 = Debug|Any CPU
		{95E9240C-46BB-4729-8E61-5A0072C26BE0}.Release|Any CPU.ActiveCfg = Release|Any CPU
		{95E9240C-46BB-4729-8E61-5A0072C26BE0}.Release|Any CPU.Build.0 = Release|Any CPU
	EndGlobalSection
	GlobalSection(SolutionProperties) = preSolution
		HideSolutionNode = FALSE
	EndGlobalSection
	GlobalSection(ExtensibilityGlobals) = postSolution
		SolutionGuid = {11614EE5-2D91-4A24-8D5C-F97E068B7EA2}
	EndGlobalSection
EndGlobal
